// !$*UTF8*$!
{
	archiveVersion = 1;
	classes = {
	};
	objectVersion = 50;
	objects = {

/* Begin PBXBuildFile section */
		5AF3BA5F242945AF000A20C1 /* AppDelegate.swift in Sources */ = {isa = PBXBuildFile; fileRef = 5AF3BA5E242945AF000A20C1 /* AppDelegate.swift */; };
		5AF3BA61242945AF000A20C1 /* SceneDelegate.swift in Sources */ = {isa = PBXBuildFile; fileRef = 5AF3BA60242945AF000A20C1 /* SceneDelegate.swift */; };
		5AF3BA66242945AF000A20C1 /* Main.storyboard in Resources */ = {isa = PBXBuildFile; fileRef = 5AF3BA64242945AF000A20C1 /* Main.storyboard */; };
		5AF3BA68242945AF000A20C1 /* Assets.xcassets in Resources */ = {isa = PBXBuildFile; fileRef = 5AF3BA67242945AF000A20C1 /* Assets.xcassets */; };
		5AF3BA6B242945AF000A20C1 /* LaunchScreen.storyboard in Resources */ = {isa = PBXBuildFile; fileRef = 5AF3BA69242945AF000A20C1 /* LaunchScreen.storyboard */; };
		5AF3BBD124294750000A20C1 /* SKSpriteNode+Utility.swift in Sources */ = {isa = PBXBuildFile; fileRef = 5AF3BBD024294750000A20C1 /* SKSpriteNode+Utility.swift */; };
		5AF3BBD324294773000A20C1 /* Info.storyboard in Resources */ = {isa = PBXBuildFile; fileRef = 5AF3BBD224294773000A20C1 /* Info.storyboard */; };
		5AF3BBD52429478E000A20C1 /* Settings.swift in Sources */ = {isa = PBXBuildFile; fileRef = 5AF3BBD42429478E000A20C1 /* Settings.swift */; };
		5AF3BBD724294EF6000A20C1 /* GameViewController.swift in Sources */ = {isa = PBXBuildFile; fileRef = 5AF3BBD624294EF6000A20C1 /* GameViewController.swift */; };
		5AF3BBD924294F03000A20C1 /* InfoViewController.swift in Sources */ = {isa = PBXBuildFile; fileRef = 5AF3BBD824294F03000A20C1 /* InfoViewController.swift */; };
		5AF3BBDB24294F0F000A20C1 /* SettingsViewController.swift in Sources */ = {isa = PBXBuildFile; fileRef = 5AF3BBDA24294F0F000A20C1 /* SettingsViewController.swift */; };
		5AF3BBDD24296B36000A20C1 /* CustomScene.swift in Sources */ = {isa = PBXBuildFile; fileRef = 5AF3BBDC24296B36000A20C1 /* CustomScene.swift */; };
/* End PBXBuildFile section */

/* Begin PBXFileReference section */
		5AF3BA5B242945AF000A20C1 /* Contained_iOS16.app */ = {isa = PBXFileReference; explicitFileType = wrapper.application; includeInIndex = 0; path = Contained_iOS16.app; sourceTree = BUILT_PRODUCTS_DIR; };
		5AF3BA5E242945AF000A20C1 /* AppDelegate.swift */ = {isa = PBXFileReference; lastKnownFileType = sourcecode.swift; path = AppDelegate.swift; sourceTree = "<group>"; };
		5AF3BA60242945AF000A20C1 /* SceneDelegate.swift */ = {isa = PBXFileReference; lastKnownFileType = sourcecode.swift; path = SceneDelegate.swift; sourceTree = "<group>"; };
		5AF3BA65242945AF000A20C1 /* Base */ = {isa = PBXFileReference; lastKnownFileType = file.storyboard; name = Base; path = Base.lproj/Main.storyboard; sourceTree = "<group>"; };
		5AF3BA67242945AF000A20C1 /* Assets.xcassets */ = {isa = PBXFileReference; lastKnownFileType = folder.assetcatalog; path = Assets.xcassets; sourceTree = "<group>"; };
		5AF3BA6A242945AF000A20C1 /* Base */ = {isa = PBXFileReference; lastKnownFileType = file.storyboard; name = Base; path = Base.lproj/LaunchScreen.storyboard; sourceTree = "<group>"; };
		5AF3BA6C242945AF000A20C1 /* Info.plist */ = {isa = PBXFileReference; lastKnownFileType = text.plist.xml; path = Info.plist; sourceTree = "<group>"; };
		5AF3BBD024294750000A20C1 /* SKSpriteNode+Utility.swift */ = {isa = PBXFileReference; fileEncoding = 4; lastKnownFileType = sourcecode.swift; path = "SKSpriteNode+Utility.swift"; sourceTree = "<group>"; };
		5AF3BBD224294773000A20C1 /* Info.storyboard */ = {isa = PBXFileReference; lastKnownFileType = file.storyboard; path = Info.storyboard; sourceTree = "<group>"; };
		5AF3BBD42429478E000A20C1 /* Settings.swift */ = {isa = PBXFileReference; lastKnownFileType = sourcecode.swift; path = Settings.swift; sourceTree = "<group>"; };
		5AF3BBD624294EF6000A20C1 /* GameViewController.swift */ = {isa = PBXFileReference; lastKnownFileType = sourcecode.swift; path = GameViewController.swift; sourceTree = "<group>"; };
		5AF3BBD824294F03000A20C1 /* InfoViewController.swift */ = {isa = PBXFileReference; lastKnownFileType = sourcecode.swift; path = InfoViewController.swift; sourceTree = "<group>"; };
		5AF3BBDA24294F0F000A20C1 /* SettingsViewController.swift */ = {isa = PBXFileReference; lastKnownFileType = sourcecode.swift; path = SettingsViewController.swift; sourceTree = "<group>"; };
		5AF3BBDC24296B36000A20C1 /* CustomScene.swift */ = {isa = PBXFileReference; lastKnownFileType = sourcecode.swift; path = CustomScene.swift; sourceTree = "<group>"; };
/* End PBXFileReference section */

/* Begin PBXFrameworksBuildPhase section */
		5AF3BA58242945AF000A20C1 /* Frameworks */ = {
			isa = PBXFrameworksBuildPhase;
			buildActionMask = 2147483647;
			files = (
			);
			runOnlyForDeploymentPostprocessing = 0;
		};
/* End PBXFrameworksBuildPhase section */

/* Begin PBXGroup section */
		5AF3BA52242945AF000A20C1 = {
			isa = PBXGroup;
			children = (
				5AF3BA5D242945AF000A20C1 /* Contained_iOS16 */,
				5AF3BA5C242945AF000A20C1 /* Products */,
			);
			sourceTree = "<group>";
		};
		5AF3BA5C242945AF000A20C1 /* Products */ = {
			isa = PBXGroup;
			children = (
				5AF3BA5B242945AF000A20C1 /* Contained_iOS16.app */,
			);
			name = Products;
			sourceTree = "<group>";
		};
		5AF3BA5D242945AF000A20C1 /* Contained_iOS16 */ = {
			isa = PBXGroup;
			children = (
				5AF3BA5E242945AF000A20C1 /* AppDelegate.swift */,
				5AF3BA60242945AF000A20C1 /* SceneDelegate.swift */,
				5AF3BA64242945AF000A20C1 /* Main.storyboard */,
				5AF3BBDC24296B36000A20C1 /* CustomScene.swift */,
				5AF3BBD624294EF6000A20C1 /* GameViewController.swift */,
				5AF3BBD824294F03000A20C1 /* InfoViewController.swift */,
				5AF3BBDA24294F0F000A20C1 /* SettingsViewController.swift */,
				5AF3BBD224294773000A20C1 /* Info.storyboard */,
				5AF3BBD42429478E000A20C1 /* Settings.swift */,
				5AF3BA67242945AF000A20C1 /* Assets.xcassets */,
				5AF3BBD024294750000A20C1 /* SKSpriteNode+Utility.swift */,
				5AF3BA69242945AF000A20C1 /* LaunchScreen.storyboard */,
				5AF3BA6C242945AF000A20C1 /* Info.plist */,
			);
			path = Contained_iOS16;
			sourceTree = "<group>";
		};
/* End PBXGroup section */

/* Begin PBXNativeTarget section */
		5AF3BA5A242945AF000A20C1 /* Contained_iOS16 */ = {
			isa = PBXNativeTarget;
			buildConfigurationList = 5AF3BA6F242945AF000A20C1 /* Build configuration list for PBXNativeTarget "Contained_iOS16" */;
			buildPhases = (
				5AF3BA57242945AF000A20C1 /* Sources */,
				5AF3BA58242945AF000A20C1 /* Frameworks */,
				5AF3BA59242945AF000A20C1 /* Resources */,
			);
			buildRules = (
			);
			dependencies = (
			);
			name = Contained_iOS16;
			productName = Contained_iOS16;
			productReference = 5AF3BA5B242945AF000A20C1 /* Contained_iOS16.app */;
			productType = "com.apple.product-type.application";
		};
/* End PBXNativeTarget section */

/* Begin PBXProject section */
		5AF3BA53242945AF000A20C1 /* Project object */ = {
			isa = PBXProject;
			attributes = {
				LastSwiftUpdateCheck = 1130;
				LastUpgradeCheck = 1130;
				ORGANIZATIONNAME = "Stephanie Ballard";
				TargetAttributes = {
					5AF3BA5A242945AF000A20C1 = {
						CreatedOnToolsVersion = 11.3.1;
					};
				};
			};
			buildConfigurationList = 5AF3BA56242945AF000A20C1 /* Build configuration list for PBXProject "Contained_iOS16" */;
			compatibilityVersion = "Xcode 9.3";
			developmentRegion = en;
			hasScannedForEncodings = 0;
			knownRegions = (
				en,
				Base,
			);
			mainGroup = 5AF3BA52242945AF000A20C1;
			productRefGroup = 5AF3BA5C242945AF000A20C1 /* Products */;
			projectDirPath = "";
			projectRoot = "";
			targets = (
				5AF3BA5A242945AF000A20C1 /* Contained_iOS16 */,
			);
		};
/* End PBXProject section */

/* Begin PBXResourcesBuildPhase section */
		5AF3BA59242945AF000A20C1 /* Resources */ = {
			isa = PBXResourcesBuildPhase;
			buildActionMask = 2147483647;
			files = (
				5AF3BA6B242945AF000A20C1 /* LaunchScreen.storyboard in Resources */,
				5AF3BA68242945AF000A20C1 /* Assets.xcassets in Resources */,
				5AF3BBD324294773000A20C1 /* Info.storyboard in Resources */,
				5AF3BA66242945AF000A20C1 /* Main.storyboard in Resources */,
			);
			runOnlyForDeploymentPostprocessing = 0;
		};
/* End PBXResourcesBuildPhase section */

/* Begin PBXSourcesBuildPhase section */
		5AF3BA57242945AF000A20C1 /* Sources */ = {
			isa = PBXSourcesBuildPhase;
			buildActionMask = 2147483647;
			files = (
				5AF3BBD724294EF6000A20C1 /* GameViewController.swift in Sources */,
				5AF3BBD124294750000A20C1 /* SKSpriteNode+Utility.swift in Sources */,
				5AF3BBDB24294F0F000A20C1 /* SettingsViewController.swift in Sources */,
				5AF3BA5F242945AF000A20C1 /* AppDelegate.swift in Sources */,
				5AF3BBD52429478E000A20C1 /* Settings.swift in Sources */,
				5AF3BBDD24296B36000A20C1 /* CustomScene.swift in Sources */,
				5AF3BBD924294F03000A20C1 /* InfoViewController.swift in Sources */,
				5AF3BA61242945AF000A20C1 /* SceneDelegate.swift in Sources */,
			);
			runOnlyForDeploymentPostprocessing = 0;
		};
/* End PBXSourcesBuildPhase section */

/* Begin PBXVariantGroup section */
		5AF3BA64242945AF000A20C1 /* Main.storyboard */ = {
			isa = PBXVariantGroup;
			children = (
				5AF3BA65242945AF000A20C1 /* Base */,
			);
			name = Main.storyboard;
			sourceTree = "<group>";
		};
		5AF3BA69242945AF000A20C1 /* LaunchScreen.storyboard */ = {
			isa = PBXVariantGroup;
			children = (
				5AF3BA6A242945AF000A20C1 /* Base */,
			);
			name = LaunchScreen.storyboard;
			sourceTree = "<group>";
		};
/* End PBXVariantGroup section */

/* Begin XCBuildConfiguration section */
		5AF3BA6D242945AF000A20C1 /* Debug */ = {
			isa = XCBuildConfiguration;
			buildSettings = {
				ALWAYS_SEARCH_USER_PATHS = NO;
				CLANG_ANALYZER_NONNULL = YES;
				CLANG_ANALYZER_NUMBER_OBJECT_CONVERSION = YES_AGGRESSIVE;
				CLANG_CXX_LANGUAGE_STANDARD = "gnu++14";
				CLANG_CXX_LIBRARY = "libc++";
				CLANG_ENABLE_MODULES = YES;
				CLANG_ENABLE_OBJC_ARC = YES;
				CLANG_ENABLE_OBJC_WEAK = YES;
				CLANG_WARN_BLOCK_CAPTURE_AUTORELEASING = YES;
				CLANG_WARN_BOOL_CONVERSION = YES;
				CLANG_WARN_COMMA = YES;
				CLANG_WARN_CONSTANT_CONVERSION = YES;
				CLANG_WARN_DEPRECATED_OBJC_IMPLEMENTATIONS = YES;
				CLANG_WARN_DIRECT_OBJC_ISA_USAGE = YES_ERROR;
				CLANG_WARN_DOCUMENTATION_COMMENTS = YES;
				CLANG_WARN_EMPTY_BODY = YES;
				CLANG_WARN_ENUM_CONVERSION = YES;
				CLANG_WARN_INFINITE_RECURSION = YES;
				CLANG_WARN_INT_CONVERSION = YES;
				CLANG_WARN_NON_LITERAL_NULL_CONVERSION = YES;
				CLANG_WARN_OBJC_IMPLICIT_RETAIN_SELF = YES;
				CLANG_WARN_OBJC_LITERAL_CONVERSION = YES;
				CLANG_WARN_OBJC_ROOT_CLASS = YES_ERROR;
				CLANG_WARN_RANGE_LOOP_ANALYSIS = YES;
				CLANG_WARN_STRICT_PROTOTYPES = YES;
				CLANG_WARN_SUSPICIOUS_MOVE = YES;
				CLANG_WARN_UNGUARDED_AVAILABILITY = YES_AGGRESSIVE;
				CLANG_WARN_UNREACHABLE_CODE = YES;
				CLANG_WARN__DUPLICATE_METHOD_MATCH = YES;
				COPY_PHASE_STRIP = NO;
				DEBUG_INFORMATION_FORMAT = dwarf;
				ENABLE_STRICT_OBJC_MSGSEND = YES;
				ENABLE_TESTABILITY = YES;
				GCC_C_LANGUAGE_STANDARD = gnu11;
				GCC_DYNAMIC_NO_PIC = NO;
				GCC_NO_COMMON_BLOCKS = YES;
				GCC_OPTIMIZATION_LEVEL = 0;
				GCC_PREPROCESSOR_DEFINITIONS = (
					"DEBUG=1",
					"$(inherited)",
				);
				GCC_WARN_64_TO_32_BIT_CONVERSION = YES;
				GCC_WARN_ABOUT_RETURN_TYPE = YES_ERROR;
				GCC_WARN_UNDECLARED_SELECTOR = YES;
				GCC_WARN_UNINITIALIZED_AUTOS = YES_AGGRESSIVE;
				GCC_WARN_UNUSED_FUNCTION = YES;
				GCC_WARN_UNUSED_VARIABLE = YES;
				IPHONEOS_DEPLOYMENT_TARGET = 13.2;
				MTL_ENABLE_DEBUG_INFO = INCLUDE_SOURCE;
				MTL_FAST_MATH = YES;
				ONLY_ACTIVE_ARCH = YES;
				SDKROOT = iphoneos;
				SWIFT_ACTIVE_COMPILATION_CONDITIONS = DEBUG;
				SWIFT_OPTIMIZATION_LEVEL = "-Onone";
			};
			name = Debug;
		};
		5AF3BA6E242945AF000A20C1 /* Release */ = {
			isa = XCBuildConfiguration;
			buildSettings = {
				ALWAYS_SEARCH_USER_PATHS = NO;
				CLANG_ANALYZER_NONNULL = YES;
				CLANG_ANALYZER_NUMBER_OBJECT_CONVERSION = YES_AGGRESSIVE;
				CLANG_CXX_LANGUAGE_STANDARD = "gnu++14";
				CLANG_CXX_LIBRARY = "libc++";
				CLANG_ENABLE_MODULES = YES;
				CLANG_ENABLE_OBJC_ARC = YES;
				CLANG_ENABLE_OBJC_WEAK = YES;
				CLANG_WARN_BLOCK_CAPTURE_AUTORELEASING = YES;
				CLANG_WARN_BOOL_CONVERSION = YES;
				CLANG_WARN_COMMA = YES;
				CLANG_WARN_CONSTANT_CONVERSION = YES;
				CLANG_WARN_DEPRECATED_OBJC_IMPLEMENTATIONS = YES;
				CLANG_WARN_DIRECT_OBJC_ISA_USAGE = YES_ERROR;
				CLANG_WARN_DOCUMENTATION_COMMENTS = YES;
				CLANG_WARN_EMPTY_BODY = YES;
				CLANG_WARN_ENUM_CONVERSION = YES;
				CLANG_WARN_INFINITE_RECURSION = YES;
				CLANG_WARN_INT_CONVERSION = YES;
				CLANG_WARN_NON_LITERAL_NULL_CONVERSION = YES;
				CLANG_WARN_OBJC_IMPLICIT_RETAIN_SELF = YES;
				CLANG_WARN_OBJC_LITERAL_CONVERSION = YES;
				CLANG_WARN_OBJC_ROOT_CLASS = YES_ERROR;
				CLANG_WARN_RANGE_LOOP_ANALYSIS = YES;
				CLANG_WARN_STRICT_PROTOTYPES = YES;
				CLANG_WARN_SUSPICIOUS_MOVE = YES;
				CLANG_WARN_UNGUARDED_AVAILABILITY = YES_AGGRESSIVE;
				CLANG_WARN_UNREACHABLE_CODE = YES;
				CLANG_WARN__DUPLICATE_METHOD_MATCH = YES;
				COPY_PHASE_STRIP = NO;
				DEBUG_INFORMATION_FORMAT = "dwarf-with-dsym";
				ENABLE_NS_ASSERTIONS = NO;
				ENABLE_STRICT_OBJC_MSGSEND = YES;
				GCC_C_LANGUAGE_STANDARD = gnu11;
				GCC_NO_COMMON_BLOCKS = YES;
				GCC_WARN_64_TO_32_BIT_CONVERSION = YES;
				GCC_WARN_ABOUT_RETURN_TYPE = YES_ERROR;
				GCC_WARN_UNDECLARED_SELECTOR = YES;
				GCC_WARN_UNINITIALIZED_AUTOS = YES_AGGRESSIVE;
				GCC_WARN_UNUSED_FUNCTION = YES;
				GCC_WARN_UNUSED_VARIABLE = YES;
				IPHONEOS_DEPLOYMENT_TARGET = 13.2;
				MTL_ENABLE_DEBUG_INFO = NO;
				MTL_FAST_MATH = YES;
				SDKROOT = iphoneos;
				SWIFT_COMPILATION_MODE = wholemodule;
				SWIFT_OPTIMIZATION_LEVEL = "-O";
				VALIDATE_PRODUCT = YES;
			};
			name = Release;
		};
		5AF3BA70242945AF000A20C1 /* Debug */ = {
			isa = XCBuildConfiguration;
			buildSettings = {
				ASSETCATALOG_COMPILER_APPICON_NAME = AppIcon;
				CODE_SIGN_STYLE = Automatic;
				INFOPLIST_FILE = Contained_iOS16/Info.plist;
				LD_RUNPATH_SEARCH_PATHS = (
					"$(inherited)",
					"@executable_path/Frameworks",
				);
				PRODUCT_BUNDLE_IDENTIFIER = "com.StephanieBallard.Contained-iOS16";
				PRODUCT_NAME = "$(TARGET_NAME)";
				SWIFT_VERSION = 5.0;
				TARGETED_DEVICE_FAMILY = "1,2";
			};
			name = Debug;
		};
		5AF3BA71242945AF000A20C1 /* Release */ = {
			isa = XCBuildConfiguration;
			buildSettings = {
				ASSETCATALOG_COMPILER_APPICON_NAME = AppIcon;
				CODE_SIGN_STYLE = Automatic;
				INFOPLIST_FILE = Contained_iOS16/Info.plist;
				LD_RUNPATH_SEARCH_PATHS = (
					"$(inherited)",
					"@executable_path/Frameworks",
				);
				PRODUCT_BUNDLE_IDENTIFIER = "com.StephanieBallard.Contained-iOS16";
				PRODUCT_NAME = "$(TARGET_NAME)";
				SWIFT_VERSION = 5.0;
				TARGETED_DEVICE_FAMILY = "1,2";
			};
			name = Release;
		};
/* End XCBuildConfiguration section */

/* Begin XCConfigurationList section */
		5AF3BA56242945AF000A20C1 /* Build configuration list for PBXProject "Contained_iOS16" */ = {
			isa = XCConfigurationList;
			buildConfigurations = (
				5AF3BA6D242945AF000A20C1 /* Debug */,
				5AF3BA6E242945AF000A20C1 /* Release */,
			);
			defaultConfigurationIsVisible = 0;
			defaultConfigurationName = Release;
		};
		5AF3BA6F242945AF000A20C1 /* Build configuration list for PBXNativeTarget "Contained_iOS16" */ = {
			isa = XCConfigurationList;
			buildConfigurations = (
				5AF3BA70242945AF000A20C1 /* Debug */,
				5AF3BA71242945AF000A20C1 /* Release */,
			);
			defaultConfigurationIsVisible = 0;
			defaultConfigurationName = Release;
		};
/* End XCConfigurationList section */
	};
	rootObject = 5AF3BA53242945AF000A20C1 /* Project object */;
}
